
Microsoft Visual Studio Solution File, Format Version 12.00
# Visual Studio Version 17
VisualStudioVersion = 17.9.34902.65
MinimumVisualStudioVersion = 10.0.40219.1
Project("{8BC9CEB8-8B4A-11D0-8D11-00A0C91BC942}") = "task", "task.vcxproj", "{51ED0983-BE9C-434A-88EE-24F8EEACFFCD}"
EndProject
Global
	GlobalSection(SolutionConfigurationPlatforms) = preSolution
		Debug|ARM64 = Debug|ARM64
		Debug|x64 = Debug|x64
		Debug|x86 = Debug|x86
		Release|ARM64 = Release|ARM64
		Release|x64 = Release|x64
		Release|x86 = Release|x86
	EndGlobalSection
	GlobalSection(ProjectConfigurationPlatforms) = postSolution
		{51ED0983-BE9C-434A-88EE-24F8EEACFFCD}.Debug|ARM64.ActiveCfg = Debug|ARM64
		{51ED0983-BE9C-434A-88EE-24F8EEACFFCD}.Debug|ARM64.Build.0 = Debug|ARM64
		{51ED0983-BE9C-434A-88EE-24F8EEACFFCD}.Debug|x64.ActiveCfg = Debug|x64
		{51ED0983-BE9C-434A-88EE-24F8EEACFFCD}.Debug|x64.Build.0 = Debug|x64
		{51ED0983-BE9C-434A-88EE-24F8EEACFFCD}.Debug|x86.ActiveCfg = Debug|Win32
		{51ED0983-BE9C-434A-88EE-24F8EEACFFCD}.Debug|x86.Build.0 = Debug|Win32
		{51ED0983-BE9C-434A-88EE-24F8EEACFFCD}.Release|ARM64.ActiveCfg = Release|ARM64
		{51ED0983-BE9C-434A-88EE-24F8EEACFFCD}.Release|ARM64.Build.0 = Release|ARM64
		{51ED0983-BE9C-434A-88EE-24F8EEACFFCD}.Release|x64.ActiveCfg = Release|x64
		{51ED0983-BE9C-434A-88EE-24F8EEACFFCD}.Release|x64.Build.0 = Release|x64
		{51ED0983-BE9C-434A-88EE-24F8EEACFFCD}.Release|x86.ActiveCfg = Release|Win32
		{51ED0983-BE9C-434A-88EE-24F8EEACFFCD}.Release|x86.Build.0 = Release|Win32
	EndGlobalSection
	GlobalSection(SolutionProperties) = preSolution
		HideSolutionNode = FALSE
	EndGlobalSection
	GlobalSection(ExtensibilityGlobals) = postSolution
		SolutionGuid = {E81EDA0D-CD0A-4D49-8CA8-CFC710944F31}
	EndGlobalSection
EndGlobal
